// !$*UTF8*$!
{
	archiveVersion = 1;
	classes = {
	};
	objectVersion = 50;
	objects = {

/* Begin PBXBuildFile section */
		C01ACBE8231AA28900B382CA /* AppDelegate.swift in Sources */ = {isa = PBXBuildFile; fileRef = C01ACBE7231AA28900B382CA /* AppDelegate.swift */; };
		C01ACBEA231AA28900B382CA /* SceneDelegate.swift in Sources */ = {isa = PBXBuildFile; fileRef = C01ACBE9231AA28900B382CA /* SceneDelegate.swift */; };
		C01ACBEC231AA28900B382CA /* JoystickController.swift in Sources */ = {isa = PBXBuildFile; fileRef = C01ACBEB231AA28900B382CA /* JoystickController.swift */; };
		C01ACBF1231AA28D00B382CA /* Assets.xcassets in Resources */ = {isa = PBXBuildFile; fileRef = C01ACBF0231AA28D00B382CA /* Assets.xcassets */; };
		C01ACBF4231AA28D00B382CA /* LaunchScreen.storyboard in Resources */ = {isa = PBXBuildFile; fileRef = C01ACBF2231AA28D00B382CA /* LaunchScreen.storyboard */; };
		C01ACC01231AACCA00B382CA /* StateButton.swift in Sources */ = {isa = PBXBuildFile; fileRef = C01ACC00231AACCA00B382CA /* StateButton.swift */; };
		C01ACC03231B20D200B382CA /* ServoPicker.swift in Sources */ = {isa = PBXBuildFile; fileRef = C01ACC02231B20D200B382CA /* ServoPicker.swift */; };
		C0562649232A820700CDDFB9 /* FolderController.swift in Sources */ = {isa = PBXBuildFile; fileRef = C0562648232A820700CDDFB9 /* FolderController.swift */; };
		C0562676232BBC7F00CDDFB9 /* TabBarController.swift in Sources */ = {isa = PBXBuildFile; fileRef = C0562675232BBC7F00CDDFB9 /* TabBarController.swift */; };
		C091663F232D08D700DFE77B /* ARDrawingController.swift in Sources */ = {isa = PBXBuildFile; fileRef = C091663E232D08D700DFE77B /* ARDrawingController.swift */; };
		C0BAC843232E553E00DD4B66 /* ARC+ARSCNViewDelegate.swift in Sources */ = {isa = PBXBuildFile; fileRef = C0BAC842232E553E00DD4B66 /* ARC+ARSCNViewDelegate.swift */; };
		C0BAC845232E55DB00DD4B66 /* ARC+Drawing.swift in Sources */ = {isa = PBXBuildFile; fileRef = C0BAC844232E55DB00DD4B66 /* ARC+Drawing.swift */; };
		C0BAC847232E575700DD4B66 /* SCNGeomtry_Extensions.swift in Sources */ = {isa = PBXBuildFile; fileRef = C0BAC846232E575700DD4B66 /* SCNGeomtry_Extensions.swift */; };
		C0BAC84A232E57B900DD4B66 /* SCNLineNode.swift in Sources */ = {isa = PBXBuildFile; fileRef = C0BAC849232E57B900DD4B66 /* SCNLineNode.swift */; };
		C0BAC84C232E57FE00DD4B66 /* SCNVector3_Extensions.swift in Sources */ = {isa = PBXBuildFile; fileRef = C0BAC84B232E57FE00DD4B66 /* SCNVector3_Extensions.swift */; };
/* End PBXBuildFile section */

/* Begin PBXFileReference section */
		C01ACBE4231AA28900B382CA /* Stitch3D.app */ = {isa = PBXFileReference; explicitFileType = wrapper.application; includeInIndex = 0; path = Stitch3D.app; sourceTree = BUILT_PRODUCTS_DIR; };
		C01ACBE7231AA28900B382CA /* AppDelegate.swift */ = {isa = PBXFileReference; lastKnownFileType = sourcecode.swift; path = AppDelegate.swift; sourceTree = "<group>"; };
		C01ACBE9231AA28900B382CA /* SceneDelegate.swift */ = {isa = PBXFileReference; lastKnownFileType = sourcecode.swift; path = SceneDelegate.swift; sourceTree = "<group>"; };
		C01ACBEB231AA28900B382CA /* JoystickController.swift */ = {isa = PBXFileReference; lastKnownFileType = sourcecode.swift; path = JoystickController.swift; sourceTree = "<group>"; };
		C01ACBF0231AA28D00B382CA /* Assets.xcassets */ = {isa = PBXFileReference; lastKnownFileType = folder.assetcatalog; path = Assets.xcassets; sourceTree = "<group>"; };
		C01ACBF3231AA28D00B382CA /* Base */ = {isa = PBXFileReference; lastKnownFileType = file.storyboard; name = Base; path = Base.lproj/LaunchScreen.storyboard; sourceTree = "<group>"; };
		C01ACBF5231AA28D00B382CA /* Info.plist */ = {isa = PBXFileReference; lastKnownFileType = text.plist.xml; path = Info.plist; sourceTree = "<group>"; };
		C01ACC00231AACCA00B382CA /* StateButton.swift */ = {isa = PBXFileReference; lastKnownFileType = sourcecode.swift; path = StateButton.swift; sourceTree = "<group>"; };
		C01ACC02231B20D200B382CA /* ServoPicker.swift */ = {isa = PBXFileReference; lastKnownFileType = sourcecode.swift; path = ServoPicker.swift; sourceTree = "<group>"; };
		C0562648232A820700CDDFB9 /* FolderController.swift */ = {isa = PBXFileReference; lastKnownFileType = sourcecode.swift; path = FolderController.swift; sourceTree = "<group>"; };
		C0562675232BBC7F00CDDFB9 /* TabBarController.swift */ = {isa = PBXFileReference; lastKnownFileType = sourcecode.swift; path = TabBarController.swift; sourceTree = "<group>"; };
		C091663E232D08D700DFE77B /* ARDrawingController.swift */ = {isa = PBXFileReference; lastKnownFileType = sourcecode.swift; path = ARDrawingController.swift; sourceTree = "<group>"; };
		C0BAC842232E553E00DD4B66 /* ARC+ARSCNViewDelegate.swift */ = {isa = PBXFileReference; lastKnownFileType = sourcecode.swift; path = "ARC+ARSCNViewDelegate.swift"; sourceTree = "<group>"; };
		C0BAC844232E55DB00DD4B66 /* ARC+Drawing.swift */ = {isa = PBXFileReference; lastKnownFileType = sourcecode.swift; path = "ARC+Drawing.swift"; sourceTree = "<group>"; };
		C0BAC846232E575700DD4B66 /* SCNGeomtry_Extensions.swift */ = {isa = PBXFileReference; lastKnownFileType = sourcecode.swift; path = SCNGeomtry_Extensions.swift; sourceTree = "<group>"; };
		C0BAC848232E579900DD4B66 /* SCNLine.h */ = {isa = PBXFileReference; lastKnownFileType = sourcecode.c.h; path = SCNLine.h; sourceTree = "<group>"; };
		C0BAC849232E57B900DD4B66 /* SCNLineNode.swift */ = {isa = PBXFileReference; lastKnownFileType = sourcecode.swift; path = SCNLineNode.swift; sourceTree = "<group>"; };
		C0BAC84B232E57FE00DD4B66 /* SCNVector3_Extensions.swift */ = {isa = PBXFileReference; lastKnownFileType = sourcecode.swift; path = SCNVector3_Extensions.swift; sourceTree = "<group>"; };
/* End PBXFileReference section */

/* Begin PBXFrameworksBuildPhase section */
		C01ACBE1231AA28900B382CA /* Frameworks */ = {
			isa = PBXFrameworksBuildPhase;
			buildActionMask = 2147483647;
			files = (
			);
			runOnlyForDeploymentPostprocessing = 0;
		};
/* End PBXFrameworksBuildPhase section */

/* Begin PBXGroup section */
		C01ACBDB231AA28900B382CA = {
			isa = PBXGroup;
			children = (
				C01ACBE6231AA28900B382CA /* Stitch3D */,
				C01ACBE5231AA28900B382CA /* Products */,
			);
			sourceTree = "<group>";
		};
		C01ACBE5231AA28900B382CA /* Products */ = {
			isa = PBXGroup;
			children = (
				C01ACBE4231AA28900B382CA /* Stitch3D.app */,
			);
			name = Products;
			sourceTree = "<group>";
		};
		C01ACBE6231AA28900B382CA /* Stitch3D */ = {
			isa = PBXGroup;
			children = (
				C01ACBFE231AA45100B382CA /* Base */,
				C01ACBFC231AA31400B382CA /* SubClasses */,
				C01ACBFD231AA43800B382CA /* Controller */,
				C01ACBFF231AA4B200B382CA /* Canvas */,
				C01ACBE7231AA28900B382CA /* AppDelegate.swift */,
				C01ACBE9231AA28900B382CA /* SceneDelegate.swift */,
				C01ACBF2231AA28D00B382CA /* LaunchScreen.storyboard */,
				C01ACBF0231AA28D00B382CA /* Assets.xcassets */,
				C01ACBF5231AA28D00B382CA /* Info.plist */,
			);
			path = Stitch3D;
			sourceTree = "<group>";
		};
		C01ACBFC231AA31400B382CA /* SubClasses */ = {
			isa = PBXGroup;
			children = (
				C01ACC00231AACCA00B382CA /* StateButton.swift */,
				C01ACC02231B20D200B382CA /* ServoPicker.swift */,
			);
			path = SubClasses;
			sourceTree = "<group>";
		};
		C01ACBFD231AA43800B382CA /* Controller */ = {
			isa = PBXGroup;
			children = (
				C01ACBEB231AA28900B382CA /* JoystickController.swift */,
				C0562648232A820700CDDFB9 /* FolderController.swift */,
				C0562675232BBC7F00CDDFB9 /* TabBarController.swift */,
				C091663E232D08D700DFE77B /* ARDrawingController.swift */,
				C0BAC842232E553E00DD4B66 /* ARC+ARSCNViewDelegate.swift */,
				C0BAC844232E55DB00DD4B66 /* ARC+Drawing.swift */,
			);
			path = Controller;
			sourceTree = "<group>";
		};
		C01ACBFE231AA45100B382CA /* Base */ = {
			isa = PBXGroup;
			children = (
				C0BAC846232E575700DD4B66 /* SCNGeomtry_Extensions.swift */,
				C0BAC848232E579900DD4B66 /* SCNLine.h */,
				C0BAC849232E57B900DD4B66 /* SCNLineNode.swift */,
				C0BAC84B232E57FE00DD4B66 /* SCNVector3_Extensions.swift */,
			);
			path = Base;
			sourceTree = "<group>";
		};
		C01ACBFF231AA4B200B382CA /* Canvas */ = {
			isa = PBXGroup;
			children = (
			);
			path = Canvas;
			sourceTree = "<group>";
		};
/* End PBXGroup section */

/* Begin PBXNativeTarget section */
		C01ACBE3231AA28900B382CA /* Stitch3D */ = {
			isa = PBXNativeTarget;
			buildConfigurationList = C01ACBF8231AA28D00B382CA /* Build configuration list for PBXNativeTarget "Stitch3D" */;
			buildPhases = (
				C01ACBE0231AA28900B382CA /* Sources */,
				C01ACBE1231AA28900B382CA /* Frameworks */,
				C01ACBE2231AA28900B382CA /* Resources */,
			);
			buildRules = (
			);
			dependencies = (
			);
			name = Stitch3D;
			productName = Stitch3D;
			productReference = C01ACBE4231AA28900B382CA /* Stitch3D.app */;
			productType = "com.apple.product-type.application";
		};
/* End PBXNativeTarget section */

/* Begin PBXProject section */
		C01ACBDC231AA28900B382CA /* Project object */ = {
			isa = PBXProject;
			attributes = {
				LastSwiftUpdateCheck = 1100;
				LastUpgradeCheck = 1100;
				ORGANIZATIONNAME = "You-Wen Ji";
				TargetAttributes = {
					C01ACBE3231AA28900B382CA = {
						CreatedOnToolsVersion = 11.0;
					};
				};
			};
			buildConfigurationList = C01ACBDF231AA28900B382CA /* Build configuration list for PBXProject "Stitch3D" */;
			compatibilityVersion = "Xcode 9.3";
			developmentRegion = en;
			hasScannedForEncodings = 0;
			knownRegions = (
				en,
				Base,
			);
			mainGroup = C01ACBDB231AA28900B382CA;
			productRefGroup = C01ACBE5231AA28900B382CA /* Products */;
			projectDirPath = "";
			projectRoot = "";
			targets = (
				C01ACBE3231AA28900B382CA /* Stitch3D */,
			);
		};
/* End PBXProject section */

/* Begin PBXResourcesBuildPhase section */
		C01ACBE2231AA28900B382CA /* Resources */ = {
			isa = PBXResourcesBuildPhase;
			buildActionMask = 2147483647;
			files = (
				C01ACBF4231AA28D00B382CA /* LaunchScreen.storyboard in Resources */,
				C01ACBF1231AA28D00B382CA /* Assets.xcassets in Resources */,
			);
			runOnlyForDeploymentPostprocessing = 0;
		};
/* End PBXResourcesBuildPhase section */

/* Begin PBXSourcesBuildPhase section */
		C01ACBE0231AA28900B382CA /* Sources */ = {
			isa = PBXSourcesBuildPhase;
			buildActionMask = 2147483647;
			files = (
				C01ACBEC231AA28900B382CA /* JoystickController.swift in Sources */,
				C01ACC01231AACCA00B382CA /* StateButton.swift in Sources */,
				C0BAC84A232E57B900DD4B66 /* SCNLineNode.swift in Sources */,
				C01ACC03231B20D200B382CA /* ServoPicker.swift in Sources */,
				C0BAC84C232E57FE00DD4B66 /* SCNVector3_Extensions.swift in Sources */,
				C01ACBE8231AA28900B382CA /* AppDelegate.swift in Sources */,
				C0BAC843232E553E00DD4B66 /* ARC+ARSCNViewDelegate.swift in Sources */,
				C0BAC847232E575700DD4B66 /* SCNGeomtry_Extensions.swift in Sources */,
				C0562676232BBC7F00CDDFB9 /* TabBarController.swift in Sources */,
				C01ACBEA231AA28900B382CA /* SceneDelegate.swift in Sources */,
				C0562649232A820700CDDFB9 /* FolderController.swift in Sources */,
				C091663F232D08D700DFE77B /* ARDrawingController.swift in Sources */,
				C0BAC845232E55DB00DD4B66 /* ARC+Drawing.swift in Sources */,
			);
			runOnlyForDeploymentPostprocessing = 0;
		};
/* End PBXSourcesBuildPhase section */

/* Begin PBXVariantGroup section */
		C01ACBF2231AA28D00B382CA /* LaunchScreen.storyboard */ = {
			isa = PBXVariantGroup;
			children = (
				C01ACBF3231AA28D00B382CA /* Base */,
			);
			name = LaunchScreen.storyboard;
			sourceTree = "<group>";
		};
/* End PBXVariantGroup section */

/* Begin XCBuildConfiguration section */
		C01ACBF6231AA28D00B382CA /* Debug */ = {
			isa = XCBuildConfiguration;
			buildSettings = {
				ALWAYS_SEARCH_USER_PATHS = NO;
				CLANG_ANALYZER_NONNULL = YES;
				CLANG_ANALYZER_NUMBER_OBJECT_CONVERSION = YES_AGGRESSIVE;
				CLANG_CXX_LANGUAGE_STANDARD = "gnu++14";
				CLANG_CXX_LIBRARY = "libc++";
				CLANG_ENABLE_MODULES = YES;
				CLANG_ENABLE_OBJC_ARC = YES;
				CLANG_ENABLE_OBJC_WEAK = YES;
				CLANG_WARN_BLOCK_CAPTURE_AUTORELEASING = YES;
				CLANG_WARN_BOOL_CONVERSION = YES;
				CLANG_WARN_COMMA = YES;
				CLANG_WARN_CONSTANT_CONVERSION = YES;
				CLANG_WARN_DEPRECATED_OBJC_IMPLEMENTATIONS = YES;
				CLANG_WARN_DIRECT_OBJC_ISA_USAGE = YES_ERROR;
				CLANG_WARN_DOCUMENTATION_COMMENTS = YES;
				CLANG_WARN_EMPTY_BODY = YES;
				CLANG_WARN_ENUM_CONVERSION = YES;
				CLANG_WARN_INFINITE_RECURSION = YES;
				CLANG_WARN_INT_CONVERSION = YES;
				CLANG_WARN_NON_LITERAL_NULL_CONVERSION = YES;
				CLANG_WARN_OBJC_IMPLICIT_RETAIN_SELF = YES;
				CLANG_WARN_OBJC_LITERAL_CONVERSION = YES;
				CLANG_WARN_OBJC_ROOT_CLASS = YES_ERROR;
				CLANG_WARN_RANGE_LOOP_ANALYSIS = YES;
				CLANG_WARN_STRICT_PROTOTYPES = YES;
				CLANG_WARN_SUSPICIOUS_MOVE = YES;
				CLANG_WARN_UNGUARDED_AVAILABILITY = YES_AGGRESSIVE;
				CLANG_WARN_UNREACHABLE_CODE = YES;
				CLANG_WARN__DUPLICATE_METHOD_MATCH = YES;
				COPY_PHASE_STRIP = NO;
				DEBUG_INFORMATION_FORMAT = dwarf;
				ENABLE_STRICT_OBJC_MSGSEND = YES;
				ENABLE_TESTABILITY = YES;
				GCC_C_LANGUAGE_STANDARD = gnu11;
				GCC_DYNAMIC_NO_PIC = NO;
				GCC_NO_COMMON_BLOCKS = YES;
				GCC_OPTIMIZATION_LEVEL = 0;
				GCC_PREPROCESSOR_DEFINITIONS = (
					"DEBUG=1",
					"$(inherited)",
				);
				GCC_WARN_64_TO_32_BIT_CONVERSION = YES;
				GCC_WARN_ABOUT_RETURN_TYPE = YES_ERROR;
				GCC_WARN_UNDECLARED_SELECTOR = YES;
				GCC_WARN_UNINITIALIZED_AUTOS = YES_AGGRESSIVE;
				GCC_WARN_UNUSED_FUNCTION = YES;
				GCC_WARN_UNUSED_VARIABLE = YES;
				IPHONEOS_DEPLOYMENT_TARGET = 13.0;
				MTL_ENABLE_DEBUG_INFO = INCLUDE_SOURCE;
				MTL_FAST_MATH = YES;
				ONLY_ACTIVE_ARCH = YES;
				SDKROOT = iphoneos;
				SWIFT_ACTIVE_COMPILATION_CONDITIONS = DEBUG;
				SWIFT_OPTIMIZATION_LEVEL = "-Onone";
			};
			name = Debug;
		};
		C01ACBF7231AA28D00B382CA /* Release */ = {
			isa = XCBuildConfiguration;
			buildSettings = {
				ALWAYS_SEARCH_USER_PATHS = NO;
				CLANG_ANALYZER_NONNULL = YES;
				CLANG_ANALYZER_NUMBER_OBJECT_CONVERSION = YES_AGGRESSIVE;
				CLANG_CXX_LANGUAGE_STANDARD = "gnu++14";
				CLANG_CXX_LIBRARY = "libc++";
				CLANG_ENABLE_MODULES = YES;
				CLANG_ENABLE_OBJC_ARC = YES;
				CLANG_ENABLE_OBJC_WEAK = YES;
				CLANG_WARN_BLOCK_CAPTURE_AUTORELEASING = YES;
				CLANG_WARN_BOOL_CONVERSION = YES;
				CLANG_WARN_COMMA = YES;
				CLANG_WARN_CONSTANT_CONVERSION = YES;
				CLANG_WARN_DEPRECATED_OBJC_IMPLEMENTATIONS = YES;
				CLANG_WARN_DIRECT_OBJC_ISA_USAGE = YES_ERROR;
				CLANG_WARN_DOCUMENTATION_COMMENTS = YES;
				CLANG_WARN_EMPTY_BODY = YES;
				CLANG_WARN_ENUM_CONVERSION = YES;
				CLANG_WARN_INFINITE_RECURSION = YES;
				CLANG_WARN_INT_CONVERSION = YES;
				CLANG_WARN_NON_LITERAL_NULL_CONVERSION = YES;
				CLANG_WARN_OBJC_IMPLICIT_RETAIN_SELF = YES;
				CLANG_WARN_OBJC_LITERAL_CONVERSION = YES;
				CLANG_WARN_OBJC_ROOT_CLASS = YES_ERROR;
				CLANG_WARN_RANGE_LOOP_ANALYSIS = YES;
				CLANG_WARN_STRICT_PROTOTYPES = YES;
				CLANG_WARN_SUSPICIOUS_MOVE = YES;
				CLANG_WARN_UNGUARDED_AVAILABILITY = YES_AGGRESSIVE;
				CLANG_WARN_UNREACHABLE_CODE = YES;
				CLANG_WARN__DUPLICATE_METHOD_MATCH = YES;
				COPY_PHASE_STRIP = NO;
				DEBUG_INFORMATION_FORMAT = "dwarf-with-dsym";
				ENABLE_NS_ASSERTIONS = NO;
				ENABLE_STRICT_OBJC_MSGSEND = YES;
				GCC_C_LANGUAGE_STANDARD = gnu11;
				GCC_NO_COMMON_BLOCKS = YES;
				GCC_WARN_64_TO_32_BIT_CONVERSION = YES;
				GCC_WARN_ABOUT_RETURN_TYPE = YES_ERROR;
				GCC_WARN_UNDECLARED_SELECTOR = YES;
				GCC_WARN_UNINITIALIZED_AUTOS = YES_AGGRESSIVE;
				GCC_WARN_UNUSED_FUNCTION = YES;
				GCC_WARN_UNUSED_VARIABLE = YES;
				IPHONEOS_DEPLOYMENT_TARGET = 13.0;
				MTL_ENABLE_DEBUG_INFO = NO;
				MTL_FAST_MATH = YES;
				SDKROOT = iphoneos;
				SWIFT_COMPILATION_MODE = wholemodule;
				SWIFT_OPTIMIZATION_LEVEL = "-O";
				VALIDATE_PRODUCT = YES;
			};
			name = Release;
		};
		C01ACBF9231AA28D00B382CA /* Debug */ = {
			isa = XCBuildConfiguration;
			buildSettings = {
				ASSETCATALOG_COMPILER_APPICON_NAME = AppIcon;
				CODE_SIGN_STYLE = Automatic;
				DEVELOPMENT_TEAM = MF8DKN3SAR;
				INFOPLIST_FILE = Stitch3D/Info.plist;
				LD_RUNPATH_SEARCH_PATHS = (
					"$(inherited)",
					"@executable_path/Frameworks",
				);
				PRODUCT_BUNDLE_IDENTIFIER = "ji-Stitchbot.Stitch3D";
				PRODUCT_NAME = "$(TARGET_NAME)";
				SWIFT_VERSION = 5.0;
				TARGETED_DEVICE_FAMILY = "1,2";
			};
			name = Debug;
		};
		C01ACBFA231AA28D00B382CA /* Release */ = {
			isa = XCBuildConfiguration;
			buildSettings = {
				ASSETCATALOG_COMPILER_APPICON_NAME = AppIcon;
				CODE_SIGN_STYLE = Automatic;
				DEVELOPMENT_TEAM = MF8DKN3SAR;
				INFOPLIST_FILE = Stitch3D/Info.plist;
				LD_RUNPATH_SEARCH_PATHS = (
					"$(inherited)",
					"@executable_path/Frameworks",
				);
				PRODUCT_BUNDLE_IDENTIFIER = "ji-Stitchbot.Stitch3D";
				PRODUCT_NAME = "$(TARGET_NAME)";
				SWIFT_VERSION = 5.0;
				TARGETED_DEVICE_FAMILY = "1,2";
			};
			name = Release;
		};
/* End XCBuildConfiguration section */

/* Begin XCConfigurationList section */
		C01ACBDF231AA28900B382CA /* Build configuration list for PBXProject "Stitch3D" */ = {
			isa = XCConfigurationList;
			buildConfigurations = (
				C01ACBF6231AA28D00B382CA /* Debug */,
				C01ACBF7231AA28D00B382CA /* Release */,
			);
			defaultConfigurationIsVisible = 0;
			defaultConfigurationName = Release;
		};
		C01ACBF8231AA28D00B382CA /* Build configuration list for PBXNativeTarget "Stitch3D" */ = {
			isa = XCConfigurationList;
			buildConfigurations = (
				C01ACBF9231AA28D00B382CA /* Debug */,
				C01ACBFA231AA28D00B382CA /* Release */,
			);
			defaultConfigurationIsVisible = 0;
			defaultConfigurationName = Release;
		};
/* End XCConfigurationList section */
	};
	rootObject = C01ACBDC231AA28900B382CA /* Project object */;
}
